// !$*UTF8*$!
{
	archiveVersion = 1;
	classes = {
	};
	objectVersion = 48;
	objects = {

/* Begin PBXBuildFile section */
		AB5EC6A8B1E8339A230D2611 /* Pods_HamsterWheel.framework in Frameworks */ = {isa = PBXBuildFile; fileRef = CEBD01CFA08A9E7BEC42BEE3 /* Pods_HamsterWheel.framework */; };
		B90655D12028CAF2000874DF /* DDLevelFour.sks in Resources */ = {isa = PBXBuildFile; fileRef = B90655D02028CAF2000874DF /* DDLevelFour.sks */; };
		B911879E2050918100BD03D8 /* AGButtonLevel.sks in Resources */ = {isa = PBXBuildFile; fileRef = B911879D2050918100BD03D8 /* AGButtonLevel.sks */; };
		B91187A12050929300BD03D8 /* ColorButton.swift in Sources */ = {isa = PBXBuildFile; fileRef = B91187A02050929300BD03D8 /* ColorButton.swift */; };
		B91187A3205092A900BD03D8 /* ColoringGame.swift in Sources */ = {isa = PBXBuildFile; fileRef = B91187A2205092A900BD03D8 /* ColoringGame.swift */; };
		B91187A5205092C500BD03D8 /* ColoringGameViewControllers.swift in Sources */ = {isa = PBXBuildFile; fileRef = B91187A4205092C500BD03D8 /* ColoringGameViewControllers.swift */; };
		B911CEB0202104B000EC7CFF /* DDLevelThree.sks in Resources */ = {isa = PBXBuildFile; fileRef = B911CEAF202104B000EC7CFF /* DDLevelThree.sks */; };
		B91C45482017E41B004BF2FB /* DDLevelOne.sks in Resources */ = {isa = PBXBuildFile; fileRef = B91C45422017E41B004BF2FB /* DDLevelOne.sks */; };
		B91C454C2017E41B004BF2FB /* DDLevelTwo.sks in Resources */ = {isa = PBXBuildFile; fileRef = B91C45462017E41B004BF2FB /* DDLevelTwo.sks */; };
		B9201866205208CF00F1339E /* HelperFuncsDD.swift in Sources */ = {isa = PBXBuildFile; fileRef = B9201865205208CF00F1339E /* HelperFuncsDD.swift */; };
		B946F5E220212892006C7CA7 /* pop.mp3 in Resources */ = {isa = PBXBuildFile; fileRef = B946F5DB20212891006C7CA7 /* pop.mp3 */; };
		B946F5E320212892006C7CA7 /* crazy_celebrate.mp3 in Resources */ = {isa = PBXBuildFile; fileRef = B946F5DC20212891006C7CA7 /* crazy_celebrate.mp3 */; };
		B946F5E420212892006C7CA7 /* music_tension.mp3 in Resources */ = {isa = PBXBuildFile; fileRef = B946F5DD20212891006C7CA7 /* music_tension.mp3 */; };
		B946F5E520212892006C7CA7 /* cartoon_voice_says_yahoo.mp3 in Resources */ = {isa = PBXBuildFile; fileRef = B946F5DE20212891006C7CA7 /* cartoon_voice_says_yahoo.mp3 */; };
		B946F5E620212892006C7CA7 /* childish.mp3 in Resources */ = {isa = PBXBuildFile; fileRef = B946F5DF20212891006C7CA7 /* childish.mp3 */; };
		B946F5E720212892006C7CA7 /* mr_clown_music.mp3 in Resources */ = {isa = PBXBuildFile; fileRef = B946F5E020212891006C7CA7 /* mr_clown_music.mp3 */; };
		B946F5E820212892006C7CA7 /* DogBark.mp3 in Resources */ = {isa = PBXBuildFile; fileRef = B946F5E120212892006C7CA7 /* DogBark.mp3 */; };
		B9511FBF20466754005338EA /* shapes.atlas in Resources */ = {isa = PBXBuildFile; fileRef = B9511FBE20466753005338EA /* shapes.atlas */; };
		B9CDD29B2048E16300AD3152 /* SetupDDScene.swift in Sources */ = {isa = PBXBuildFile; fileRef = B9CDD29A2048E16300AD3152 /* SetupDDScene.swift */; };
		B9CDD29F2048E31D00AD3152 /* LevelSelectorDD.swift in Sources */ = {isa = PBXBuildFile; fileRef = B9CDD29E2048E31D00AD3152 /* LevelSelectorDD.swift */; };
		B9CDD2A1204F281D00AD3152 /* AGLevelSelector.swift in Sources */ = {isa = PBXBuildFile; fileRef = B9CDD2A0204F281D00AD3152 /* AGLevelSelector.swift */; };
		B9CDD2A6204F2A1900AD3152 /* AGButtonLevel.sks in Resources */ = {isa = PBXBuildFile; fileRef = B9CDD2A5204F2A1900AD3152 /* AGButtonLevel.sks */; };
		B9CDD2A8204F2A4A00AD3152 /* SingleButtonAudioLevel.swift in Sources */ = {isa = PBXBuildFile; fileRef = B9CDD2A7204F2A4A00AD3152 /* SingleButtonAudioLevel.swift */; };
		B9CDD2AA204F2A9A00AD3152 /* RandomWheel.sks in Resources */ = {isa = PBXBuildFile; fileRef = B9CDD2A9204F2A9A00AD3152 /* RandomWheel.sks */; };
		B9CDD2AC204F2AB600AD3152 /* RandomWheel.swift in Sources */ = {isa = PBXBuildFile; fileRef = B9CDD2AB204F2AB600AD3152 /* RandomWheel.swift */; };
		B9CDD2AE204F6A6700AD3152 /* Player.swift in Sources */ = {isa = PBXBuildFile; fileRef = B9CDD2AD204F6A6700AD3152 /* Player.swift */; };
		B9CDD2B0204F704800AD3152 /* Match.swift in Sources */ = {isa = PBXBuildFile; fileRef = B9CDD2AF204F704800AD3152 /* Match.swift */; };
		B9CDD2B2204F714D00AD3152 /* Wall.swift in Sources */ = {isa = PBXBuildFile; fileRef = B9CDD2B1204F714D00AD3152 /* Wall.swift */; };
		B9CDFF3820302CC900BFA9DF /* DDLevelFive.sks in Resources */ = {isa = PBXBuildFile; fileRef = B9CDFF3720302CC900BFA9DF /* DDLevelFive.sks */; };
		B9CDFF3A20302CF500BFA9DF /* DDLevelSix.sks in Resources */ = {isa = PBXBuildFile; fileRef = B9CDFF3920302CF500BFA9DF /* DDLevelSix.sks */; };
		B9CDFF3C20302D1800BFA9DF /* DDLevelSeven.sks in Resources */ = {isa = PBXBuildFile; fileRef = B9CDFF3B20302D1800BFA9DF /* DDLevelSeven.sks */; };
		B9FE4A362044E291004804C3 /* LevelDragDrop.swift in Sources */ = {isa = PBXBuildFile; fileRef = B9FE4A352044E291004804C3 /* LevelDragDrop.swift */; };
		B9FE4A382044E5F3004804C3 /* PhysicsCategoriesDD.swift in Sources */ = {isa = PBXBuildFile; fileRef = B9FE4A372044E5F3004804C3 /* PhysicsCategoriesDD.swift */; };
		C4260B1B20376B200023B208 /* ImageScalingExtension.swift in Sources */ = {isa = PBXBuildFile; fileRef = C4260B1A20376B200023B208 /* ImageScalingExtension.swift */; };
		C445FCD2202E587600A551D5 /* HWheelSlice.swift in Sources */ = {isa = PBXBuildFile; fileRef = C445FCD1202E587600A551D5 /* HWheelSlice.swift */; };
		C44E421020314ACB006EE3C5 /* AGSpellingExtension.swift in Sources */ = {isa = PBXBuildFile; fileRef = C44E420C20314ACB006EE3C5 /* AGSpellingExtension.swift */; };
		C44E421220314ACB006EE3C5 /* AGNavigationExtension.swift in Sources */ = {isa = PBXBuildFile; fileRef = C44E420E20314ACB006EE3C5 /* AGNavigationExtension.swift */; };
		C459442020211C8400C3D18A /* AGAudioExtension.swift in Sources */ = {isa = PBXBuildFile; fileRef = C459441F20211C8400C3D18A /* AGAudioExtension.swift */; };
		C459442820212C4300C3D18A /* SKButton2.swift in Sources */ = {isa = PBXBuildFile; fileRef = C459442720212C4300C3D18A /* SKButton2.swift */; };
		C485650F203396EF00CC9B1F /* AGTimeTrackingExtension.swift in Sources */ = {isa = PBXBuildFile; fileRef = C40A8EF32023B0F10085E22D /* AGTimeTrackingExtension.swift */; };
		C4B297B72016CDD1009FCA9F /* AppDelegate.swift in Sources */ = {isa = PBXBuildFile; fileRef = C4B297B62016CDD1009FCA9F /* AppDelegate.swift */; };
		C4B297B92016CDD1009FCA9F /* GameScene.sks in Resources */ = {isa = PBXBuildFile; fileRef = C4B297B82016CDD1009FCA9F /* GameScene.sks */; };
		C4B297BD2016CDD1009FCA9F /* GameScene.swift in Sources */ = {isa = PBXBuildFile; fileRef = C4B297BC2016CDD1009FCA9F /* GameScene.swift */; };
		C4B297BF2016CDD1009FCA9F /* GameViewController.swift in Sources */ = {isa = PBXBuildFile; fileRef = C4B297BE2016CDD1009FCA9F /* GameViewController.swift */; };
		C4B297C22016CDD1009FCA9F /* Main.storyboard in Resources */ = {isa = PBXBuildFile; fileRef = C4B297C02016CDD1009FCA9F /* Main.storyboard */; };
		C4B297C72016CDD1009FCA9F /* LaunchScreen.storyboard in Resources */ = {isa = PBXBuildFile; fileRef = C4B297C52016CDD1009FCA9F /* LaunchScreen.storyboard */; };
		C4B297D32016D123009FCA9F /* SKButton.swift in Sources */ = {isa = PBXBuildFile; fileRef = C4B297D22016D123009FCA9F /* SKButton.swift */; };
		C4B297DC2016D2DD009FCA9F /* MainMenuScene.sks in Resources */ = {isa = PBXBuildFile; fileRef = C4B297DB2016D2DD009FCA9F /* MainMenuScene.sks */; };
		C4B297DE2016D363009FCA9F /* assets.atlas in Resources */ = {isa = PBXBuildFile; fileRef = C4B297DD2016D363009FCA9F /* assets.atlas */; };
		C4B297E02016D453009FCA9F /* MainMenuScene.swift in Sources */ = {isa = PBXBuildFile; fileRef = C4B297DF2016D453009FCA9F /* MainMenuScene.swift */; };
		C4CBA73E204F750600B79920 /* Assets.xcassets in Resources */ = {isa = PBXBuildFile; fileRef = C4CBA73D204F750600B79920 /* Assets.xcassets */; };
		C4CBA743204F941300B79920 /* ColoringScene.sks in Resources */ = {isa = PBXBuildFile; fileRef = C4CBA742204F941300B79920 /* ColoringScene.sks */; };
/* End PBXBuildFile section */

/* Begin PBXFileReference section */
		2DABA7FC9EEAF45C85DF23B7 /* Pods-HamsterWheel.release.xcconfig */ = {isa = PBXFileReference; includeInIndex = 1; lastKnownFileType = text.xcconfig; name = "Pods-HamsterWheel.release.xcconfig"; path = "Pods/Target Support Files/Pods-HamsterWheel/Pods-HamsterWheel.release.xcconfig"; sourceTree = "<group>"; };
		710ED6FAF80008B4A6841217 /* Pods-HamsterWheel.debug.xcconfig */ = {isa = PBXFileReference; includeInIndex = 1; lastKnownFileType = text.xcconfig; name = "Pods-HamsterWheel.debug.xcconfig"; path = "Pods/Target Support Files/Pods-HamsterWheel/Pods-HamsterWheel.debug.xcconfig"; sourceTree = "<group>"; };
		B90655D02028CAF2000874DF /* DDLevelFour.sks */ = {isa = PBXFileReference; lastKnownFileType = file.sks; path = DDLevelFour.sks; sourceTree = "<group>"; };
		B911879D2050918100BD03D8 /* AGButtonLevel.sks */ = {isa = PBXFileReference; lastKnownFileType = file.sks; path = AGButtonLevel.sks; sourceTree = "<group>"; };
		B91187A02050929300BD03D8 /* ColorButton.swift */ = {isa = PBXFileReference; lastKnownFileType = sourcecode.swift; path = ColorButton.swift; sourceTree = "<group>"; };
		B91187A2205092A900BD03D8 /* ColoringGame.swift */ = {isa = PBXFileReference; lastKnownFileType = sourcecode.swift; path = ColoringGame.swift; sourceTree = "<group>"; };
		B91187A4205092C500BD03D8 /* ColoringGameViewControllers.swift */ = {isa = PBXFileReference; lastKnownFileType = sourcecode.swift; path = ColoringGameViewControllers.swift; sourceTree = "<group>"; };
		B911CEAF202104B000EC7CFF /* DDLevelThree.sks */ = {isa = PBXFileReference; lastKnownFileType = file.sks; path = DDLevelThree.sks; sourceTree = "<group>"; };
		B91C45422017E41B004BF2FB /* DDLevelOne.sks */ = {isa = PBXFileReference; lastKnownFileType = file.sks; path = DDLevelOne.sks; sourceTree = "<group>"; };
		B91C45462017E41B004BF2FB /* DDLevelTwo.sks */ = {isa = PBXFileReference; lastKnownFileType = file.sks; path = DDLevelTwo.sks; sourceTree = "<group>"; };
		B9201865205208CF00F1339E /* HelperFuncsDD.swift */ = {isa = PBXFileReference; lastKnownFileType = sourcecode.swift; path = HelperFuncsDD.swift; sourceTree = "<group>"; };
		B946F5DB20212891006C7CA7 /* pop.mp3 */ = {isa = PBXFileReference; lastKnownFileType = audio.mp3; path = pop.mp3; sourceTree = "<group>"; };
		B946F5DC20212891006C7CA7 /* crazy_celebrate.mp3 */ = {isa = PBXFileReference; lastKnownFileType = audio.mp3; path = crazy_celebrate.mp3; sourceTree = "<group>"; };
		B946F5DD20212891006C7CA7 /* music_tension.mp3 */ = {isa = PBXFileReference; lastKnownFileType = audio.mp3; path = music_tension.mp3; sourceTree = "<group>"; };
		B946F5DE20212891006C7CA7 /* cartoon_voice_says_yahoo.mp3 */ = {isa = PBXFileReference; lastKnownFileType = audio.mp3; path = cartoon_voice_says_yahoo.mp3; sourceTree = "<group>"; };
		B946F5DF20212891006C7CA7 /* childish.mp3 */ = {isa = PBXFileReference; lastKnownFileType = audio.mp3; path = childish.mp3; sourceTree = "<group>"; };
		B946F5E020212891006C7CA7 /* mr_clown_music.mp3 */ = {isa = PBXFileReference; lastKnownFileType = audio.mp3; path = mr_clown_music.mp3; sourceTree = "<group>"; };
		B946F5E120212892006C7CA7 /* DogBark.mp3 */ = {isa = PBXFileReference; lastKnownFileType = audio.mp3; path = DogBark.mp3; sourceTree = "<group>"; };
		B9511FBE20466753005338EA /* shapes.atlas */ = {isa = PBXFileReference; lastKnownFileType = folder.skatlas; path = shapes.atlas; sourceTree = "<group>"; };
		B9CDD29A2048E16300AD3152 /* SetupDDScene.swift */ = {isa = PBXFileReference; lastKnownFileType = sourcecode.swift; path = SetupDDScene.swift; sourceTree = "<group>"; };
		B9CDD29E2048E31D00AD3152 /* LevelSelectorDD.swift */ = {isa = PBXFileReference; lastKnownFileType = sourcecode.swift; path = LevelSelectorDD.swift; sourceTree = "<group>"; };
		B9CDD2A0204F281D00AD3152 /* AGLevelSelector.swift */ = {isa = PBXFileReference; lastKnownFileType = sourcecode.swift; name = AGLevelSelector.swift; path = RandomWheel/AGLevelSelector.swift; sourceTree = "<group>"; };
		B9CDD2A5204F2A1900AD3152 /* AGButtonLevel.sks */ = {isa = PBXFileReference; lastKnownFileType = file.sks; path = AGButtonLevel.sks; sourceTree = "<group>"; };
		B9CDD2A7204F2A4A00AD3152 /* SingleButtonAudioLevel.swift */ = {isa = PBXFileReference; lastKnownFileType = sourcecode.swift; path = SingleButtonAudioLevel.swift; sourceTree = "<group>"; };
		B9CDD2A9204F2A9A00AD3152 /* RandomWheel.sks */ = {isa = PBXFileReference; lastKnownFileType = file.sks; path = RandomWheel.sks; sourceTree = "<group>"; };
		B9CDD2AB204F2AB600AD3152 /* RandomWheel.swift */ = {isa = PBXFileReference; lastKnownFileType = sourcecode.swift; path = RandomWheel.swift; sourceTree = "<group>"; };
		B9CDD2AD204F6A6700AD3152 /* Player.swift */ = {isa = PBXFileReference; lastKnownFileType = sourcecode.swift; path = Player.swift; sourceTree = "<group>"; };
		B9CDD2AF204F704800AD3152 /* Match.swift */ = {isa = PBXFileReference; lastKnownFileType = sourcecode.swift; path = Match.swift; sourceTree = "<group>"; };
		B9CDD2B1204F714D00AD3152 /* Wall.swift */ = {isa = PBXFileReference; lastKnownFileType = sourcecode.swift; path = Wall.swift; sourceTree = "<group>"; };
		B9CDFF3720302CC900BFA9DF /* DDLevelFive.sks */ = {isa = PBXFileReference; lastKnownFileType = file.sks; path = DDLevelFive.sks; sourceTree = "<group>"; };
		B9CDFF3920302CF500BFA9DF /* DDLevelSix.sks */ = {isa = PBXFileReference; lastKnownFileType = file.sks; path = DDLevelSix.sks; sourceTree = "<group>"; };
		B9CDFF3B20302D1800BFA9DF /* DDLevelSeven.sks */ = {isa = PBXFileReference; lastKnownFileType = file.sks; path = DDLevelSeven.sks; sourceTree = "<group>"; };
		B9FE4A352044E291004804C3 /* LevelDragDrop.swift */ = {isa = PBXFileReference; lastKnownFileType = sourcecode.swift; path = LevelDragDrop.swift; sourceTree = "<group>"; };
		B9FE4A372044E5F3004804C3 /* PhysicsCategoriesDD.swift */ = {isa = PBXFileReference; lastKnownFileType = sourcecode.swift; path = PhysicsCategoriesDD.swift; sourceTree = "<group>"; };
		C40A8EF32023B0F10085E22D /* AGTimeTrackingExtension.swift */ = {isa = PBXFileReference; lastKnownFileType = sourcecode.swift; path = AGTimeTrackingExtension.swift; sourceTree = "<group>"; };
		C4260B1A20376B200023B208 /* ImageScalingExtension.swift */ = {isa = PBXFileReference; lastKnownFileType = sourcecode.swift; path = ImageScalingExtension.swift; sourceTree = "<group>"; };
		C445FCD1202E587600A551D5 /* HWheelSlice.swift */ = {isa = PBXFileReference; lastKnownFileType = sourcecode.swift; path = HWheelSlice.swift; sourceTree = "<group>"; };
		C44E420C20314ACB006EE3C5 /* AGSpellingExtension.swift */ = {isa = PBXFileReference; fileEncoding = 4; lastKnownFileType = sourcecode.swift; path = AGSpellingExtension.swift; sourceTree = "<group>"; };
		C44E420E20314ACB006EE3C5 /* AGNavigationExtension.swift */ = {isa = PBXFileReference; fileEncoding = 4; lastKnownFileType = sourcecode.swift; path = AGNavigationExtension.swift; sourceTree = "<group>"; };
		C459441F20211C8400C3D18A /* AGAudioExtension.swift */ = {isa = PBXFileReference; lastKnownFileType = sourcecode.swift; path = AGAudioExtension.swift; sourceTree = "<group>"; };
		C459442720212C4300C3D18A /* SKButton2.swift */ = {isa = PBXFileReference; lastKnownFileType = sourcecode.swift; path = SKButton2.swift; sourceTree = "<group>"; };
		C4B297B32016CDD1009FCA9F /* HamsterWheel.app */ = {isa = PBXFileReference; explicitFileType = wrapper.application; includeInIndex = 0; path = HamsterWheel.app; sourceTree = BUILT_PRODUCTS_DIR; };
		C4B297B62016CDD1009FCA9F /* AppDelegate.swift */ = {isa = PBXFileReference; lastKnownFileType = sourcecode.swift; path = AppDelegate.swift; sourceTree = "<group>"; };
		C4B297B82016CDD1009FCA9F /* GameScene.sks */ = {isa = PBXFileReference; lastKnownFileType = file.sks; path = GameScene.sks; sourceTree = "<group>"; };
		C4B297BA2016CDD1009FCA9F /* Actions.sks */ = {isa = PBXFileReference; lastKnownFileType = file.sks; path = Actions.sks; sourceTree = "<group>"; };
		C4B297BC2016CDD1009FCA9F /* GameScene.swift */ = {isa = PBXFileReference; lastKnownFileType = sourcecode.swift; path = GameScene.swift; sourceTree = "<group>"; };
		C4B297BE2016CDD1009FCA9F /* GameViewController.swift */ = {isa = PBXFileReference; lastKnownFileType = sourcecode.swift; path = GameViewController.swift; sourceTree = "<group>"; };
		C4B297C12016CDD1009FCA9F /* Base */ = {isa = PBXFileReference; lastKnownFileType = file.storyboard; name = Base; path = Base.lproj/Main.storyboard; sourceTree = "<group>"; };
		C4B297C62016CDD1009FCA9F /* Base */ = {isa = PBXFileReference; lastKnownFileType = file.storyboard; name = Base; path = Base.lproj/LaunchScreen.storyboard; sourceTree = "<group>"; };
		C4B297C82016CDD1009FCA9F /* Info.plist */ = {isa = PBXFileReference; lastKnownFileType = text.plist.xml; path = Info.plist; sourceTree = "<group>"; };
		C4B297D22016D123009FCA9F /* SKButton.swift */ = {isa = PBXFileReference; lastKnownFileType = sourcecode.swift; path = SKButton.swift; sourceTree = "<group>"; };
		C4B297DB2016D2DD009FCA9F /* MainMenuScene.sks */ = {isa = PBXFileReference; lastKnownFileType = file.sks; path = MainMenuScene.sks; sourceTree = "<group>"; };
		C4B297DD2016D363009FCA9F /* assets.atlas */ = {isa = PBXFileReference; lastKnownFileType = folder.skatlas; path = assets.atlas; sourceTree = "<group>"; };
		C4B297DF2016D453009FCA9F /* MainMenuScene.swift */ = {isa = PBXFileReference; lastKnownFileType = sourcecode.swift; path = MainMenuScene.swift; sourceTree = "<group>"; };
		C4CBA73D204F750600B79920 /* Assets.xcassets */ = {isa = PBXFileReference; lastKnownFileType = folder.assetcatalog; path = Assets.xcassets; sourceTree = "<group>"; };
		C4CBA742204F941300B79920 /* ColoringScene.sks */ = {isa = PBXFileReference; lastKnownFileType = file.sks; path = ColoringScene.sks; sourceTree = "<group>"; };
		CEBD01CFA08A9E7BEC42BEE3 /* Pods_HamsterWheel.framework */ = {isa = PBXFileReference; explicitFileType = wrapper.framework; includeInIndex = 0; path = Pods_HamsterWheel.framework; sourceTree = BUILT_PRODUCTS_DIR; };
/* End PBXFileReference section */

/* Begin PBXFrameworksBuildPhase section */
		C4B297B02016CDD1009FCA9F /* Frameworks */ = {
			isa = PBXFrameworksBuildPhase;
			buildActionMask = 2147483647;
			files = (
				AB5EC6A8B1E8339A230D2611 /* Pods_HamsterWheel.framework in Frameworks */,
			);
			runOnlyForDeploymentPostprocessing = 0;
		};
/* End PBXFrameworksBuildPhase section */

/* Begin PBXGroup section */
		239A7BAA100C206860D5F9F8 /* Pods */ = {
			isa = PBXGroup;
			children = (
				710ED6FAF80008B4A6841217 /* Pods-HamsterWheel.debug.xcconfig */,
				2DABA7FC9EEAF45C85DF23B7 /* Pods-HamsterWheel.release.xcconfig */,
			);
			name = Pods;
			sourceTree = "<group>";
		};
		B911879A20508F2D00BD03D8 /* Recovered References */ = {
			isa = PBXGroup;
			children = (
			);
			name = "Recovered References";
			sourceTree = "<group>";
		};
		B911879F2050925A00BD03D8 /* ColoringGame */ = {
			isa = PBXGroup;
			children = (
				B91187A02050929300BD03D8 /* ColorButton.swift */,
				B91187A2205092A900BD03D8 /* ColoringGame.swift */,
				B91187A4205092C500BD03D8 /* ColoringGameViewControllers.swift */,
				C4CBA742204F941300B79920 /* ColoringScene.sks */,
			);
			name = ColoringGame;
			path = "New Group";
			sourceTree = "<group>";
		};
		B91C453C2017E2B0004BF2FB /* Drag and Drop Game */ = {
			isa = PBXGroup;
			children = (
				B9FE4A352044E291004804C3 /* LevelDragDrop.swift */,
				B9201865205208CF00F1339E /* HelperFuncsDD.swift */,
				B9CDD29E2048E31D00AD3152 /* LevelSelectorDD.swift */,
				B9CDD29A2048E16300AD3152 /* SetupDDScene.swift */,
				B9DB75E3204F8A5B001A902B /* Physics */,
				B9CDD2B7204F754F00AD3152 /* Nodes */,
				B9511FBE20466753005338EA /* shapes.atlas */,
				B946F5DA20212863006C7CA7 /* DDAudio */,
				B91C45402017E41B004BF2FB /* DDScenes */,
			);
			path = "Drag and Drop Game";
			sourceTree = "<group>";
		};
		B91C453D2017E2C6004BF2FB /* Audio Game */ = {
			isa = PBXGroup;
			children = (
				B9CDD2A3204F285E00AD3152 /* ButtonGame */,
				B9CDD2A2204F285300AD3152 /* RandomWheel */,
				B9CDD2A0204F281D00AD3152 /* AGLevelSelector.swift */,
			);
			path = "Audio Game";
			sourceTree = "<group>";
		};
		B91C453F2017E309004BF2FB /* Storyboards */ = {
			isa = PBXGroup;
			children = (
				C4B297C02016CDD1009FCA9F /* Main.storyboard */,
				C4B297C52016CDD1009FCA9F /* LaunchScreen.storyboard */,
			);
			path = Storyboards;
			sourceTree = "<group>";
		};
		B91C45402017E41B004BF2FB /* DDScenes */ = {
			isa = PBXGroup;
			children = (
				B91C45422017E41B004BF2FB /* DDLevelOne.sks */,
				B91C45462017E41B004BF2FB /* DDLevelTwo.sks */,
				B911CEAF202104B000EC7CFF /* DDLevelThree.sks */,
				B90655D02028CAF2000874DF /* DDLevelFour.sks */,
				B9CDFF3720302CC900BFA9DF /* DDLevelFive.sks */,
				B9CDFF3920302CF500BFA9DF /* DDLevelSix.sks */,
				B9CDFF3B20302D1800BFA9DF /* DDLevelSeven.sks */,
			);
			path = DDScenes;
			sourceTree = "<group>";
		};
		B946F5DA20212863006C7CA7 /* DDAudio */ = {
			isa = PBXGroup;
			children = (
				B946F5DE20212891006C7CA7 /* cartoon_voice_says_yahoo.mp3 */,
				B946F5DF20212891006C7CA7 /* childish.mp3 */,
				B946F5DC20212891006C7CA7 /* crazy_celebrate.mp3 */,
				B946F5E120212892006C7CA7 /* DogBark.mp3 */,
				B946F5E020212891006C7CA7 /* mr_clown_music.mp3 */,
				B946F5DD20212891006C7CA7 /* music_tension.mp3 */,
				B946F5DB20212891006C7CA7 /* pop.mp3 */,
			);
			path = DDAudio;
			sourceTree = "<group>";
		};
		B9CDD2A2204F285300AD3152 /* RandomWheel */ = {
			isa = PBXGroup;
			children = (
				C445FCD1202E587600A551D5 /* HWheelSlice.swift */,
				B9CDD2A9204F2A9A00AD3152 /* RandomWheel.sks */,
				B9CDD2AB204F2AB600AD3152 /* RandomWheel.swift */,
			);
			path = RandomWheel;
			sourceTree = "<group>";
		};
		B9CDD2A3204F285E00AD3152 /* ButtonGame */ = {
			isa = PBXGroup;
			children = (
				B9CDD2A4204F299100AD3152 /* SingleButtonExtensions */,
				B9CDD2A5204F2A1900AD3152 /* AGButtonLevel.sks */,
				B9CDD2A7204F2A4A00AD3152 /* SingleButtonAudioLevel.swift */,
			);
			path = ButtonGame;
			sourceTree = "<group>";
		};
		B9CDD2A4204F299100AD3152 /* SingleButtonExtensions */ = {
			isa = PBXGroup;
			children = (
				B911879D2050918100BD03D8 /* AGButtonLevel.sks */,
				C459441F20211C8400C3D18A /* AGAudioExtension.swift */,
				C44E420E20314ACB006EE3C5 /* AGNavigationExtension.swift */,
				C44E420C20314ACB006EE3C5 /* AGSpellingExtension.swift */,
				C40A8EF32023B0F10085E22D /* AGTimeTrackingExtension.swift */,
			);
			path = SingleButtonExtensions;
			sourceTree = "<group>";
		};
		B9CDD2B7204F754F00AD3152 /* Nodes */ = {
			isa = PBXGroup;
			children = (
				B9CDD2AD204F6A6700AD3152 /* Player.swift */,
				B9CDD2AF204F704800AD3152 /* Match.swift */,
				B9CDD2B1204F714D00AD3152 /* Wall.swift */,
			);
			path = Nodes;
			sourceTree = "<group>";
		};
		B9DB75E3204F8A5B001A902B /* Physics */ = {
			isa = PBXGroup;
			children = (
				B9FE4A372044E5F3004804C3 /* PhysicsCategoriesDD.swift */,
			);
			path = Physics;
			sourceTree = "<group>";
		};
		C4B297AA2016CDD1009FCA9F = {
			isa = PBXGroup;
			children = (
				C4B297B52016CDD1009FCA9F /* HamsterWheel */,
				C4B297B42016CDD1009FCA9F /* Products */,
				239A7BAA100C206860D5F9F8 /* Pods */,
				E615C7EB125D816DCF707F77 /* Frameworks */,
				B911879A20508F2D00BD03D8 /* Recovered References */,
			);
			sourceTree = "<group>";
		};
		C4B297B42016CDD1009FCA9F /* Products */ = {
			isa = PBXGroup;
			children = (
				C4B297B32016CDD1009FCA9F /* HamsterWheel.app */,
			);
			name = Products;
			sourceTree = "<group>";
		};
		C4B297B52016CDD1009FCA9F /* HamsterWheel */ = {
			isa = PBXGroup;
			children = (
				C4B297B62016CDD1009FCA9F /* AppDelegate.swift */,
				B91C453F2017E309004BF2FB /* Storyboards */,
				B91C453D2017E2C6004BF2FB /* Audio Game */,
				B911879F2050925A00BD03D8 /* ColoringGame */,
				B91C453C2017E2B0004BF2FB /* Drag and Drop Game */,
				C4B297D52016D159009FCA9F /* Controllers */,
				C4B297D42016D147009FCA9F /* Scenes */,
				C4CBA73D204F750600B79920 /* Assets.xcassets */,
				C4B297DD2016D363009FCA9F /* assets.atlas */,
				C4B297D62016D16D009FCA9F /* Additions */,
				C4B297C82016CDD1009FCA9F /* Info.plist */,
			);
			path = HamsterWheel;
			sourceTree = "<group>";
		};
		C4B297D42016D147009FCA9F /* Scenes */ = {
			isa = PBXGroup;
			children = (
				C4B297B82016CDD1009FCA9F /* GameScene.sks */,
				C4B297BA2016CDD1009FCA9F /* Actions.sks */,
				C4B297DB2016D2DD009FCA9F /* MainMenuScene.sks */,
			);
			path = Scenes;
			sourceTree = "<group>";
		};
		C4B297D52016D159009FCA9F /* Controllers */ = {
			isa = PBXGroup;
			children = (
				C4B297BC2016CDD1009FCA9F /* GameScene.swift */,
				C4B297BE2016CDD1009FCA9F /* GameViewController.swift */,
				C4B297DF2016D453009FCA9F /* MainMenuScene.swift */,
			);
			path = Controllers;
			sourceTree = "<group>";
		};
		C4B297D62016D16D009FCA9F /* Additions */ = {
			isa = PBXGroup;
			children = (
				C4B297D22016D123009FCA9F /* SKButton.swift */,
				C459442720212C4300C3D18A /* SKButton2.swift */,
				C4260B1A20376B200023B208 /* ImageScalingExtension.swift */,
			);
			path = Additions;
			sourceTree = "<group>";
		};
		E615C7EB125D816DCF707F77 /* Frameworks */ = {
			isa = PBXGroup;
			children = (
				CEBD01CFA08A9E7BEC42BEE3 /* Pods_HamsterWheel.framework */,
			);
			name = Frameworks;
			sourceTree = "<group>";
		};
/* End PBXGroup section */

/* Begin PBXNativeTarget section */
		C4B297B22016CDD1009FCA9F /* HamsterWheel */ = {
			isa = PBXNativeTarget;
			buildConfigurationList = C4B297CB2016CDD1009FCA9F /* Build configuration list for PBXNativeTarget "HamsterWheel" */;
			buildPhases = (
				2E5FC46557DA37B7073A9951 /* [CP] Check Pods Manifest.lock */,
				C4B297AF2016CDD1009FCA9F /* Sources */,
				C4B297B02016CDD1009FCA9F /* Frameworks */,
				C4B297B12016CDD1009FCA9F /* Resources */,
				93B3E0EE34B19D701029A005 /* [CP] Embed Pods Frameworks */,
				FF237152D3630449C6B437AD /* [CP] Copy Pods Resources */,
			);
			buildRules = (
			);
			dependencies = (
			);
			name = HamsterWheel;
			productName = HamsterWheel;
			productReference = C4B297B32016CDD1009FCA9F /* HamsterWheel.app */;
			productType = "com.apple.product-type.application";
		};
/* End PBXNativeTarget section */

/* Begin PBXProject section */
		C4B297AB2016CDD1009FCA9F /* Project object */ = {
			isa = PBXProject;
			attributes = {
				LastSwiftUpdateCheck = 0920;
				LastUpgradeCheck = 0920;
				ORGANIZATIONNAME = "Bob De Kort";
				TargetAttributes = {
					C4B297B22016CDD1009FCA9F = {
						CreatedOnToolsVersion = 9.2;
						ProvisioningStyle = Automatic;
					};
				};
			};
			buildConfigurationList = C4B297AE2016CDD1009FCA9F /* Build configuration list for PBXProject "HamsterWheel" */;
			compatibilityVersion = "Xcode 8.0";
			developmentRegion = en;
			hasScannedForEncodings = 0;
			knownRegions = (
				en,
				Base,
			);
			mainGroup = C4B297AA2016CDD1009FCA9F;
			productRefGroup = C4B297B42016CDD1009FCA9F /* Products */;
			projectDirPath = "";
			projectRoot = "";
			targets = (
				C4B297B22016CDD1009FCA9F /* HamsterWheel */,
			);
		};
/* End PBXProject section */

/* Begin PBXResourcesBuildPhase section */
		C4B297B12016CDD1009FCA9F /* Resources */ = {
			isa = PBXResourcesBuildPhase;
			buildActionMask = 2147483647;
			files = (
				B946F5E220212892006C7CA7 /* pop.mp3 in Resources */,
				B9CDFF3820302CC900BFA9DF /* DDLevelFive.sks in Resources */,
				C4CBA73E204F750600B79920 /* Assets.xcassets in Resources */,
				B946F5E720212892006C7CA7 /* mr_clown_music.mp3 in Resources */,
				B9CDD2A6204F2A1900AD3152 /* AGButtonLevel.sks in Resources */,
				B9CDFF3C20302D1800BFA9DF /* DDLevelSeven.sks in Resources */,
				C4CBA743204F941300B79920 /* ColoringScene.sks in Resources */,
				B946F5E420212892006C7CA7 /* music_tension.mp3 in Resources */,
				B946F5E620212892006C7CA7 /* childish.mp3 in Resources */,
				C4B297C22016CDD1009FCA9F /* Main.storyboard in Resources */,
				C4B297B92016CDD1009FCA9F /* GameScene.sks in Resources */,
				C4B297DE2016D363009FCA9F /* assets.atlas in Resources */,
				B91C454C2017E41B004BF2FB /* DDLevelTwo.sks in Resources */,
				B911CEB0202104B000EC7CFF /* DDLevelThree.sks in Resources */,
				C4B297C72016CDD1009FCA9F /* LaunchScreen.storyboard in Resources */,
				B91C45482017E41B004BF2FB /* DDLevelOne.sks in Resources */,
				B9511FBF20466754005338EA /* shapes.atlas in Resources */,
				B9CDFF3A20302CF500BFA9DF /* DDLevelSix.sks in Resources */,
				B946F5E520212892006C7CA7 /* cartoon_voice_says_yahoo.mp3 in Resources */,
				C4B297DC2016D2DD009FCA9F /* MainMenuScene.sks in Resources */,
				B911879E2050918100BD03D8 /* AGButtonLevel.sks in Resources */,
				B9CDD2AA204F2A9A00AD3152 /* RandomWheel.sks in Resources */,
				B946F5E320212892006C7CA7 /* crazy_celebrate.mp3 in Resources */,
				B90655D12028CAF2000874DF /* DDLevelFour.sks in Resources */,
				B946F5E820212892006C7CA7 /* DogBark.mp3 in Resources */,
			);
			runOnlyForDeploymentPostprocessing = 0;
		};
/* End PBXResourcesBuildPhase section */

/* Begin PBXShellScriptBuildPhase section */
		2E5FC46557DA37B7073A9951 /* [CP] Check Pods Manifest.lock */ = {
			isa = PBXShellScriptBuildPhase;
			buildActionMask = 2147483647;
			files = (
			);
			inputPaths = (
				"${PODS_PODFILE_DIR_PATH}/Podfile.lock",
				"${PODS_ROOT}/Manifest.lock",
			);
			name = "[CP] Check Pods Manifest.lock";
			outputPaths = (
				"$(DERIVED_FILE_DIR)/Pods-HamsterWheel-checkManifestLockResult.txt",
			);
			runOnlyForDeploymentPostprocessing = 0;
			shellPath = /bin/sh;
			shellScript = "diff \"${PODS_PODFILE_DIR_PATH}/Podfile.lock\" \"${PODS_ROOT}/Manifest.lock\" > /dev/null\nif [ $? != 0 ] ; then\n    # print error to STDERR\n    echo \"error: The sandbox is not in sync with the Podfile.lock. Run 'pod install' or update your CocoaPods installation.\" >&2\n    exit 1\nfi\n# This output is used by Xcode 'outputs' to avoid re-running this script phase.\necho \"SUCCESS\" > \"${SCRIPT_OUTPUT_FILE_0}\"\n";
			showEnvVarsInLog = 0;
		};
		93B3E0EE34B19D701029A005 /* [CP] Embed Pods Frameworks */ = {
			isa = PBXShellScriptBuildPhase;
			buildActionMask = 2147483647;
			files = (
			);
			inputPaths = (
				"${SRCROOT}/Pods/Target Support Files/Pods-HamsterWheel/Pods-HamsterWheel-frameworks.sh",
				"${BUILT_PRODUCTS_DIR}/SwiftyDraw/SwiftyDraw.framework",
				"${BUILT_PRODUCTS_DIR}/TTFortuneWheel/TTFortuneWheel.framework",
			);
			name = "[CP] Embed Pods Frameworks";
			outputPaths = (
				"${TARGET_BUILD_DIR}/${FRAMEWORKS_FOLDER_PATH}/SwiftyDraw.framework",
				"${TARGET_BUILD_DIR}/${FRAMEWORKS_FOLDER_PATH}/TTFortuneWheel.framework",
			);
			runOnlyForDeploymentPostprocessing = 0;
			shellPath = /bin/sh;
			shellScript = "\"${SRCROOT}/Pods/Target Support Files/Pods-HamsterWheel/Pods-HamsterWheel-frameworks.sh\"\n";
			showEnvVarsInLog = 0;
		};
		FF237152D3630449C6B437AD /* [CP] Copy Pods Resources */ = {
			isa = PBXShellScriptBuildPhase;
			buildActionMask = 2147483647;
			files = (
			);
			inputPaths = (
			);
			name = "[CP] Copy Pods Resources";
			outputPaths = (
			);
			runOnlyForDeploymentPostprocessing = 0;
			shellPath = /bin/sh;
			shellScript = "\"${SRCROOT}/Pods/Target Support Files/Pods-HamsterWheel/Pods-HamsterWheel-resources.sh\"\n";
			showEnvVarsInLog = 0;
		};
/* End PBXShellScriptBuildPhase section */

/* Begin PBXSourcesBuildPhase section */
		C4B297AF2016CDD1009FCA9F /* Sources */ = {
			isa = PBXSourcesBuildPhase;
			buildActionMask = 2147483647;
			files = (
				B9CDD29B2048E16300AD3152 /* SetupDDScene.swift in Sources */,
				C4B297E02016D453009FCA9F /* MainMenuScene.swift in Sources */,
				C44E421220314ACB006EE3C5 /* AGNavigationExtension.swift in Sources */,
				C4B297BD2016CDD1009FCA9F /* GameScene.swift in Sources */,
				B9CDD29F2048E31D00AD3152 /* LevelSelectorDD.swift in Sources */,
				B9FE4A362044E291004804C3 /* LevelDragDrop.swift in Sources */,
				B91187A3205092A900BD03D8 /* ColoringGame.swift in Sources */,
				C459442020211C8400C3D18A /* AGAudioExtension.swift in Sources */,
				B9CDD2B2204F714D00AD3152 /* Wall.swift in Sources */,
				B9201866205208CF00F1339E /* HelperFuncsDD.swift in Sources */,
				B9FE4A382044E5F3004804C3 /* PhysicsCategoriesDD.swift in Sources */,
				B9CDD2B0204F704800AD3152 /* Match.swift in Sources */,
				C445FCD2202E587600A551D5 /* HWheelSlice.swift in Sources */,
				B9CDD2A1204F281D00AD3152 /* AGLevelSelector.swift in Sources */,
				C459442820212C4300C3D18A /* SKButton2.swift in Sources */,
				C44E421020314ACB006EE3C5 /* AGSpellingExtension.swift in Sources */,
				B9CDD2A8204F2A4A00AD3152 /* SingleButtonAudioLevel.swift in Sources */,
				B91187A12050929300BD03D8 /* ColorButton.swift in Sources */,
				C4260B1B20376B200023B208 /* ImageScalingExtension.swift in Sources */,
				C4B297BF2016CDD1009FCA9F /* GameViewController.swift in Sources */,
				B9CDD2AE204F6A6700AD3152 /* Player.swift in Sources */,
				C4B297B72016CDD1009FCA9F /* AppDelegate.swift in Sources */,
				C485650F203396EF00CC9B1F /* AGTimeTrackingExtension.swift in Sources */,
				B91187A5205092C500BD03D8 /* ColoringGameViewControllers.swift in Sources */,
				C4B297D32016D123009FCA9F /* SKButton.swift in Sources */,
				B9CDD2AC204F2AB600AD3152 /* RandomWheel.swift in Sources */,
			);
			runOnlyForDeploymentPostprocessing = 0;
		};
/* End PBXSourcesBuildPhase section */

/* Begin PBXVariantGroup section */
		C4B297C02016CDD1009FCA9F /* Main.storyboard */ = {
			isa = PBXVariantGroup;
			children = (
				C4B297C12016CDD1009FCA9F /* Base */,
			);
			name = Main.storyboard;
			sourceTree = "<group>";
		};
		C4B297C52016CDD1009FCA9F /* LaunchScreen.storyboard */ = {
			isa = PBXVariantGroup;
			children = (
				C4B297C62016CDD1009FCA9F /* Base */,
			);
			name = LaunchScreen.storyboard;
			sourceTree = "<group>";
		};
/* End PBXVariantGroup section */

/* Begin XCBuildConfiguration section */
		C4B297C92016CDD1009FCA9F /* Debug */ = {
			isa = XCBuildConfiguration;
			buildSettings = {
				ALWAYS_SEARCH_USER_PATHS = NO;
				CLANG_ANALYZER_NONNULL = YES;
				CLANG_ANALYZER_NUMBER_OBJECT_CONVERSION = YES_AGGRESSIVE;
				CLANG_CXX_LANGUAGE_STANDARD = "gnu++14";
				CLANG_CXX_LIBRARY = "libc++";
				CLANG_ENABLE_MODULES = YES;
				CLANG_ENABLE_OBJC_ARC = YES;
				CLANG_WARN_BLOCK_CAPTURE_AUTORELEASING = YES;
				CLANG_WARN_BOOL_CONVERSION = YES;
				CLANG_WARN_COMMA = YES;
				CLANG_WARN_CONSTANT_CONVERSION = YES;
				CLANG_WARN_DIRECT_OBJC_ISA_USAGE = YES_ERROR;
				CLANG_WARN_DOCUMENTATION_COMMENTS = YES;
				CLANG_WARN_EMPTY_BODY = YES;
				CLANG_WARN_ENUM_CONVERSION = YES;
				CLANG_WARN_INFINITE_RECURSION = YES;
				CLANG_WARN_INT_CONVERSION = YES;
				CLANG_WARN_NON_LITERAL_NULL_CONVERSION = YES;
				CLANG_WARN_OBJC_LITERAL_CONVERSION = YES;
				CLANG_WARN_OBJC_ROOT_CLASS = YES_ERROR;
				CLANG_WARN_RANGE_LOOP_ANALYSIS = YES;
				CLANG_WARN_STRICT_PROTOTYPES = YES;
				CLANG_WARN_SUSPICIOUS_MOVE = YES;
				CLANG_WARN_UNGUARDED_AVAILABILITY = YES_AGGRESSIVE;
				CLANG_WARN_UNREACHABLE_CODE = YES;
				CLANG_WARN__DUPLICATE_METHOD_MATCH = YES;
				CODE_SIGN_IDENTITY = "iPhone Developer";
				COPY_PHASE_STRIP = NO;
				DEBUG_INFORMATION_FORMAT = dwarf;
				ENABLE_STRICT_OBJC_MSGSEND = YES;
				ENABLE_TESTABILITY = YES;
				GCC_C_LANGUAGE_STANDARD = gnu11;
				GCC_DYNAMIC_NO_PIC = NO;
				GCC_NO_COMMON_BLOCKS = YES;
				GCC_OPTIMIZATION_LEVEL = 0;
				GCC_PREPROCESSOR_DEFINITIONS = (
					"DEBUG=1",
					"$(inherited)",
				);
				GCC_WARN_64_TO_32_BIT_CONVERSION = YES;
				GCC_WARN_ABOUT_RETURN_TYPE = YES_ERROR;
				GCC_WARN_UNDECLARED_SELECTOR = YES;
				GCC_WARN_UNINITIALIZED_AUTOS = YES_AGGRESSIVE;
				GCC_WARN_UNUSED_FUNCTION = YES;
				GCC_WARN_UNUSED_VARIABLE = YES;
				IPHONEOS_DEPLOYMENT_TARGET = 11.2;
				MTL_ENABLE_DEBUG_INFO = YES;
				ONLY_ACTIVE_ARCH = YES;
				SDKROOT = iphoneos;
				SWIFT_ACTIVE_COMPILATION_CONDITIONS = DEBUG;
				SWIFT_OPTIMIZATION_LEVEL = "-Onone";
			};
			name = Debug;
		};
		C4B297CA2016CDD1009FCA9F /* Release */ = {
			isa = XCBuildConfiguration;
			buildSettings = {
				ALWAYS_SEARCH_USER_PATHS = NO;
				CLANG_ANALYZER_NONNULL = YES;
				CLANG_ANALYZER_NUMBER_OBJECT_CONVERSION = YES_AGGRESSIVE;
				CLANG_CXX_LANGUAGE_STANDARD = "gnu++14";
				CLANG_CXX_LIBRARY = "libc++";
				CLANG_ENABLE_MODULES = YES;
				CLANG_ENABLE_OBJC_ARC = YES;
				CLANG_WARN_BLOCK_CAPTURE_AUTORELEASING = YES;
				CLANG_WARN_BOOL_CONVERSION = YES;
				CLANG_WARN_COMMA = YES;
				CLANG_WARN_CONSTANT_CONVERSION = YES;
				CLANG_WARN_DIRECT_OBJC_ISA_USAGE = YES_ERROR;
				CLANG_WARN_DOCUMENTATION_COMMENTS = YES;
				CLANG_WARN_EMPTY_BODY = YES;
				CLANG_WARN_ENUM_CONVERSION = YES;
				CLANG_WARN_INFINITE_RECURSION = YES;
				CLANG_WARN_INT_CONVERSION = YES;
				CLANG_WARN_NON_LITERAL_NULL_CONVERSION = YES;
				CLANG_WARN_OBJC_LITERAL_CONVERSION = YES;
				CLANG_WARN_OBJC_ROOT_CLASS = YES_ERROR;
				CLANG_WARN_RANGE_LOOP_ANALYSIS = YES;
				CLANG_WARN_STRICT_PROTOTYPES = YES;
				CLANG_WARN_SUSPICIOUS_MOVE = YES;
				CLANG_WARN_UNGUARDED_AVAILABILITY = YES_AGGRESSIVE;
				CLANG_WARN_UNREACHABLE_CODE = YES;
				CLANG_WARN__DUPLICATE_METHOD_MATCH = YES;
				CODE_SIGN_IDENTITY = "iPhone Developer";
				COPY_PHASE_STRIP = NO;
				DEBUG_INFORMATION_FORMAT = "dwarf-with-dsym";
				ENABLE_NS_ASSERTIONS = NO;
				ENABLE_STRICT_OBJC_MSGSEND = YES;
				GCC_C_LANGUAGE_STANDARD = gnu11;
				GCC_NO_COMMON_BLOCKS = YES;
				GCC_WARN_64_TO_32_BIT_CONVERSION = YES;
				GCC_WARN_ABOUT_RETURN_TYPE = YES_ERROR;
				GCC_WARN_UNDECLARED_SELECTOR = YES;
				GCC_WARN_UNINITIALIZED_AUTOS = YES_AGGRESSIVE;
				GCC_WARN_UNUSED_FUNCTION = YES;
				GCC_WARN_UNUSED_VARIABLE = YES;
				IPHONEOS_DEPLOYMENT_TARGET = 11.2;
				MTL_ENABLE_DEBUG_INFO = NO;
				SDKROOT = iphoneos;
				SWIFT_OPTIMIZATION_LEVEL = "-Owholemodule";
				VALIDATE_PRODUCT = YES;
			};
			name = Release;
		};
		C4B297CC2016CDD1009FCA9F /* Debug */ = {
			isa = XCBuildConfiguration;
			baseConfigurationReference = 710ED6FAF80008B4A6841217 /* Pods-HamsterWheel.debug.xcconfig */;
			buildSettings = {
				ASSETCATALOG_COMPILER_APPICON_NAME = AppIcon;
				CODE_SIGN_STYLE = Automatic;
				DEVELOPMENT_TEAM = S44SNCV32X;
				INFOPLIST_FILE = HamsterWheel/Info.plist;
				IPHONEOS_DEPLOYMENT_TARGET = 9.0;
				LD_RUNPATH_SEARCH_PATHS = "$(inherited) @executable_path/Frameworks";
				PRODUCT_BUNDLE_IDENTIFIER = "com.phyllisApps.Hamster-Wheel";
				PRODUCT_NAME = "$(TARGET_NAME)";
				SWIFT_VERSION = 4.0;
				TARGETED_DEVICE_FAMILY = "1,2";
			};
			name = Debug;
		};
		C4B297CD2016CDD1009FCA9F /* Release */ = {
			isa = XCBuildConfiguration;
			baseConfigurationReference = 2DABA7FC9EEAF45C85DF23B7 /* Pods-HamsterWheel.release.xcconfig */;
			buildSettings = {
				ASSETCATALOG_COMPILER_APPICON_NAME = AppIcon;
				CODE_SIGN_STYLE = Automatic;
				DEVELOPMENT_TEAM = S44SNCV32X;
				INFOPLIST_FILE = HamsterWheel/Info.plist;
				IPHONEOS_DEPLOYMENT_TARGET = 9.0;
				LD_RUNPATH_SEARCH_PATHS = "$(inherited) @executable_path/Frameworks";
				PRODUCT_BUNDLE_IDENTIFIER = "com.phyllisApps.Hamster-Wheel";
				PRODUCT_NAME = "$(TARGET_NAME)";
				SWIFT_VERSION = 4.0;
				TARGETED_DEVICE_FAMILY = "1,2";
			};
			name = Release;
		};
/* End XCBuildConfiguration section */

/* Begin XCConfigurationList section */
		C4B297AE2016CDD1009FCA9F /* Build configuration list for PBXProject "HamsterWheel" */ = {
			isa = XCConfigurationList;
			buildConfigurations = (
				C4B297C92016CDD1009FCA9F /* Debug */,
				C4B297CA2016CDD1009FCA9F /* Release */,
			);
			defaultConfigurationIsVisible = 0;
			defaultConfigurationName = Release;
		};
		C4B297CB2016CDD1009FCA9F /* Build configuration list for PBXNativeTarget "HamsterWheel" */ = {
			isa = XCConfigurationList;
			buildConfigurations = (
				C4B297CC2016CDD1009FCA9F /* Debug */,
				C4B297CD2016CDD1009FCA9F /* Release */,
			);
			defaultConfigurationIsVisible = 0;
			defaultConfigurationName = Release;
		};
/* End XCConfigurationList section */
	};
	rootObject = C4B297AB2016CDD1009FCA9F /* Project object */;
}
